
Microsoft Visual Studio Solution File, Format Version 12.00
# Visual Studio Version 16
VisualStudioVersion = 16.0.30204.135
MinimumVisualStudioVersion = 10.0.40219.1
Project("{FAE04EC0-301F-11D3-BF4B-00C04F79EFBC}") = "MyWebApplication8", "MyWebApplication8\MyWebApplication8.csproj", "{CC5477E3-3130-4468-AD9B-3914876B5084}"
EndProject
Global
	GlobalSection(SolutionConfigurationPlatforms) = preSolution
		Debug|Any CPU = Debug|Any CPU
		Release|Any CPU = Release|Any CPU
	EndGlobalSection
	GlobalSection(ProjectConfigurationPlatforms) = postSolution
		{CC5477E3-3130-4468-AD9B-3914876B5084}.Debug|Any CPU.ActiveCfg = Debug|Any CPU
		{CC5477E3-3130-4468-AD9B-3914876B5084}.Debug|Any CPU.Build.0 = Debug|Any CPU
		{CC5477E3-3130-4468-AD9B-3914876B5084}.Release|Any CPU.ActiveCfg = Release|Any CPU
		{CC5477E3-3130-4468-AD9B-3914876B5084}.Release|Any CPU.Build.0 = Release|Any CPU
	EndGlobalSection
	GlobalSection(SolutionProperties) = preSolution
		HideSolutionNode = FALSE
	EndGlobalSection
	GlobalSection(ExtensibilityGlobals) = postSolution
		SolutionGuid = {759413FE-2C2A-4B43-A50A-1564C873FF95}
	EndGlobalSection
EndGlobal
